{
    "_meta": {
        "hash": {
            "sha256": "73a2831829aa42b7669b12b05683981ad4bde140e6acaf210a9f3c258d6d59cf"
        },
        "pipfile-spec": 6,
        "requires": {
            "python_version": "3.7"
        },
        "sources": [
            {
                "name": "pypi",
                "url": "https://pypi.org/simple",
                "verify_ssl": true
            }
        ]
    },
    "default": {
        "backcall": {
            "hashes": [
                "sha256:5cbdbf27be5e7cfadb448baf0aa95508f91f2bbc6c6437cd9cd06e2a4c215e1e",
                "sha256:fbbce6a29f263178a1f7915c1940bde0ec2b2a967566fe1c65c1dfb7422bd255"
            ],
            "version": "==0.2.0"
        },
        "certifi": {
            "hashes": [
                "sha256:2bbf76fd432960138b3ef6dda3dde0544f27cbf8546c458e60baf371917ba9ee",
                "sha256:50b1e4f8446b06f41be7dd6338db18e0990601dce795c2b1686458aa7e8fa7d8"
            ],
            "version": "==2021.5.30"
        },
        "chardet": {
            "hashes": [
                "sha256:0d6f53a15db4120f2b08c94f11e7d93d2c911ee118b6b30a04ec3ee8310179fa",
                "sha256:f864054d66fd9118f2e67044ac8981a54775ec5b67aed0441892edb553d21da5"
            ],
            "version": "==4.0.0"
        },
        "click": {
            "hashes": [
                "sha256:2335065e6395b9e67ca716de5f7526736bfa6ceead690adf616d925bdc622b13",
                "sha256:5b94b49521f6456670fdb30cd82a4eca9412788a93fa6dd6df72c94d5a8ff2d7"
            ],
            "index": "pypi",
            "version": "==7.0"
        },
        "cycler": {
            "hashes": [
                "sha256:1d8a5ae1ff6c5cf9b93e8811e581232ad8920aeec647c37316ceac982b08cb2d",
                "sha256:cd7b2d1018258d7247a71425e9f26463dfb444d411c39569972f4ce586b0c9d8"
            ],
            "version": "==0.10.0"
        },
        "decorator": {
            "hashes": [
                "sha256:6e5c199c16f7a9f0e3a61a4a54b3d27e7dad0dbdde92b944426cb20914376323",
                "sha256:72ecfba4320a893c53f9706bebb2d55c270c1e51a28789361aa93e4a21319ed5"
            ],
            "version": "==5.0.9"
        },
        "idna": {
            "hashes": [
                "sha256:b307872f855b18632ce0c21c5e45be78c0ea7ae4c15c828c20788b26921eb3f6",
                "sha256:b97d804b1e9b523befed77c48dacec60e6dcb0b5391d57af6a65a312a90648c0"
            ],
            "version": "==2.10"
        },
        "ipython": {
            "hashes": [
                "sha256:a171caa3d3d4c819a1c0742e3abecfd5a2b8ab525ca1c9f114b40b76b0679ab1",
                "sha256:f86788eef439891438af3498525094cc2acbdbea4f2aa2f8895782d4ff471341"
            ],
            "index": "pypi",
            "version": "==7.24.0"
        },
        "ipython-genutils": {
            "hashes": [
                "sha256:72dd37233799e619666c9f639a9da83c34013a73e8bbc79a7a6348d93c61fab8",
                "sha256:eb2e116e75ecef9d4d228fdc66af54269afa26ab4463042e33785b887c628ba8"
            ],
            "version": "==0.2.0"
        },
        "jedi": {
            "hashes": [
                "sha256:18456d83f65f400ab0c2d3319e48520420ef43b23a086fdc05dff34132f0fb93",
                "sha256:92550a404bad8afed881a137ec9a461fed49eca661414be45059329614ed0707"
            ],
            "version": "==0.18.0"
        },
        "joblib": {
            "hashes": [
                "sha256:9c17567692206d2f3fb9ecf5e991084254fe631665c450b443761c4186a613f7",
                "sha256:feeb1ec69c4d45129954f1b7034954241eedfd6ba39b5e9e4b6883be3332d5e5"
            ],
            "version": "==1.0.1"
        },
        "kiwisolver": {
            "hashes": [
                "sha256:0cd53f403202159b44528498de18f9285b04482bab2a6fc3f5dd8dbb9352e30d",
                "sha256:1e1bc12fb773a7b2ffdeb8380609f4f8064777877b2225dec3da711b421fda31",
                "sha256:225e2e18f271e0ed8157d7f4518ffbf99b9450fca398d561eb5c4a87d0986dd9",
                "sha256:232c9e11fd7ac3a470d65cd67e4359eee155ec57e822e5220322d7b2ac84fbf0",
                "sha256:31dfd2ac56edc0ff9ac295193eeaea1c0c923c0355bf948fbd99ed6018010b72",
                "sha256:33449715e0101e4d34f64990352bce4095c8bf13bed1b390773fc0a7295967b3",
                "sha256:401a2e9afa8588589775fe34fc22d918ae839aaaf0c0e96441c0fdbce6d8ebe6",
                "sha256:44a62e24d9b01ba94ae7a4a6c3fb215dc4af1dde817e7498d901e229aaf50e4e",
                "sha256:50af681a36b2a1dee1d3c169ade9fdc59207d3c31e522519181e12f1b3ba7000",
                "sha256:563c649cfdef27d081c84e72a03b48ea9408c16657500c312575ae9d9f7bc1c3",
                "sha256:5989db3b3b34b76c09253deeaf7fbc2707616f130e166996606c284395da3f18",
                "sha256:5a7a7dbff17e66fac9142ae2ecafb719393aaee6a3768c9de2fd425c63b53e21",
                "sha256:5c3e6455341008a054cccee8c5d24481bcfe1acdbc9add30aa95798e95c65621",
                "sha256:5f6ccd3dd0b9739edcf407514016108e2280769c73a85b9e59aa390046dbf08b",
                "sha256:72c99e39d005b793fb7d3d4e660aed6b6281b502e8c1eaf8ee8346023c8e03bc",
                "sha256:78751b33595f7f9511952e7e60ce858c6d64db2e062afb325985ddbd34b5c131",
                "sha256:834ee27348c4aefc20b479335fd422a2c69db55f7d9ab61721ac8cd83eb78882",
                "sha256:8be8d84b7d4f2ba4ffff3665bcd0211318aa632395a1a41553250484a871d454",
                "sha256:950a199911a8d94683a6b10321f9345d5a3a8433ec58b217ace979e18f16e248",
                "sha256:a357fd4f15ee49b4a98b44ec23a34a95f1e00292a139d6015c11f55774ef10de",
                "sha256:a53d27d0c2a0ebd07e395e56a1fbdf75ffedc4a05943daf472af163413ce9598",
                "sha256:acef3d59d47dd85ecf909c359d0fd2c81ed33bdff70216d3956b463e12c38a54",
                "sha256:b38694dcdac990a743aa654037ff1188c7a9801ac3ccc548d3341014bc5ca278",
                "sha256:b9edd0110a77fc321ab090aaa1cfcaba1d8499850a12848b81be2222eab648f6",
                "sha256:c08e95114951dc2090c4a630c2385bef681cacf12636fb0241accdc6b303fd81",
                "sha256:c5518d51a0735b1e6cee1fdce66359f8d2b59c3ca85dc2b0813a8aa86818a030",
                "sha256:c8fd0f1ae9d92b42854b2979024d7597685ce4ada367172ed7c09edf2cef9cb8",
                "sha256:ca3820eb7f7faf7f0aa88de0e54681bddcb46e485beb844fcecbcd1c8bd01689",
                "sha256:cf8b574c7b9aa060c62116d4181f3a1a4e821b2ec5cbfe3775809474113748d4",
                "sha256:d3155d828dec1d43283bd24d3d3e0d9c7c350cdfcc0bd06c0ad1209c1bbc36d0",
                "sha256:f8d6f8db88049a699817fd9178782867bf22283e3813064302ac59f61d95be05",
                "sha256:fd34fbbfbc40628200730bc1febe30631347103fc8d3d4fa012c21ab9c11eca9"
            ],
            "version": "==1.3.1"
        },
        "matplotlib": {
            "hashes": [
                "sha256:0ba8e3ec1b0feddc6b068fe70dc38dcf2917e301ad8d2b3f848c14ad463a4157",
                "sha256:10a48e33e64dbd95f0776ba162f379c5cc55301c2d155506e79ce0c26b52f2ce",
                "sha256:1376535fe731adbba55ab9e48896de226b7e89dbb55390c5fbd8f7161b7ae3be",
                "sha256:16f0f8ba22df1e2c9f06c87088de45742322fde282a93b5c744c0f969cf7932e",
                "sha256:1c6c999f2212858021329537f8e0f98f3f29086ec3683511dd1ecec84409f51d",
                "sha256:2316dc177fc7b3d8848b49365498de0c385b4c9bba511edddd24c34fbe3d37a4",
                "sha256:3398bfb533482bf21974cecf28224dd23784ad4e4848be582903f7a2436ec12e",
                "sha256:3477cb1e1061b34210acc43d20050be8444478ff50b8adfac5fe2b45fc97df01",
                "sha256:3cc06333b8264428d02231804e2e726b902e9161dc16f573183dee6cb7ef621f",
                "sha256:4259ea7cb2c238355ee13275eddd261d869cefbdeb18a65f35459589d6d17def",
                "sha256:4addcf93234b6122f530f90f485fd3d00d158911fbc1ed24db3fa66cd49fe565",
                "sha256:50c0e24bcbce9c54346f4a2f4e97b0ed111f0413ac3fe9954061ae1c8aa7021f",
                "sha256:62ed7597d9e54db6e133420d779c642503c25eba390e1178d85dfb2ba0d05948",
                "sha256:69f6d51e41a17f6a5f70c56bb10b8ded9f299609204495a7fa2782a3a755ffc5",
                "sha256:6d232e49b74e3d2db22c63c25a9a0166d965e87e2b057f795487f1f244b61d9d",
                "sha256:7355bf757ecacd5f0ac9dd9523c8e1a1103faadf8d33c22664178e17533f8ce5",
                "sha256:886b1045c5105631f10c1cbc999f910e44d33af3e9c7efd68c2123efc06ab636",
                "sha256:9e1f353edd7fc7e5e9101abd5bc0201946f77a1b59e0da49095086c03db856ed",
                "sha256:b3a343dfcbe296dbe0f26c731beee72a792ff948407e6979524298ae7bc3234e",
                "sha256:d93675af09ca497a25f4f8d62f3313cf0f21e45427a87487049fe84898b99909",
                "sha256:e2409ef9d37804dfb566f39c962e6ed70f281ff516b8131b3e6b4e6442711ff1",
                "sha256:f8b653b0f89938ba72e92ab080c2f3aa24c1b72e2f61add22880cd1b9a6e3cdd"
            ],
            "index": "pypi",
            "version": "==2.2.3"
        },
        "matplotlib-inline": {
            "hashes": [
                "sha256:5cf1176f554abb4fa98cb362aa2b55c500147e4bdbb07e3fda359143e1da0811",
                "sha256:f41d5ff73c9f5385775d5c0bc13b424535c8402fe70ea8210f93e11f3683993e"
            ],
            "version": "==0.1.2"
        },
        "nltk": {
            "hashes": [
                "sha256:286f6797204ffdb52525a1d21ec0a221ec68b8e3fa4f2d25f412ac8e63c70e8d"
            ],
            "index": "pypi",
            "version": "==3.4"
        },
        "numpy": {
            "hashes": [
                "sha256:1676b0a292dd3c99e49305a16d7a9f42a4ab60ec522eac0d3dd20cdf362ac010",
                "sha256:16f221035e8bd19b9dc9a57159e38d2dd060b48e93e1d843c49cb370b0f415fd",
                "sha256:43909c8bb289c382170e0282158a38cf306a8ad2ff6dfadc447e90f9961bef43",
                "sha256:4e465afc3b96dbc80cf4a5273e5e2b1e3451286361b4af70ce1adb2984d392f9",
                "sha256:55b745fca0a5ab738647d0e4db099bd0a23279c32b31a783ad2ccea729e632df",
                "sha256:5d050e1e4bc9ddb8656d7b4f414557720ddcca23a5b88dd7cff65e847864c400",
                "sha256:637d827248f447e63585ca3f4a7d2dfaa882e094df6cfa177cc9cf9cd6cdf6d2",
                "sha256:6690080810f77485667bfbff4f69d717c3be25e5b11bb2073e76bb3f578d99b4",
                "sha256:66fbc6fed94a13b9801fb70b96ff30605ab0a123e775a5e7a26938b717c5d71a",
                "sha256:67d44acb72c31a97a3d5d33d103ab06d8ac20770e1c5ad81bdb3f0c086a56cf6",
                "sha256:6ca2b85a5997dabc38301a22ee43c82adcb53ff660b89ee88dded6b33687e1d8",
                "sha256:6e51534e78d14b4a009a062641f465cfaba4fdcb046c3ac0b1f61dd97c861b1b",
                "sha256:70eb5808127284c4e5c9e836208e09d685a7978b6a216db85960b1a112eeace8",
                "sha256:830b044f4e64a76ba71448fce6e604c0fc47a0e54d8f6467be23749ac2cbd2fb",
                "sha256:8b7bb4b9280da3b2856cb1fc425932f46fba609819ee1c62256f61799e6a51d2",
                "sha256:a9c65473ebc342715cb2d7926ff1e202c26376c0dcaaee85a1fd4b8d8c1d3b2f",
                "sha256:c1c09247ccea742525bdb5f4b5ceeacb34f95731647fe55774aa36557dbb5fa4",
                "sha256:c5bf0e132acf7557fc9bb8ded8b53bbbbea8892f3c9a1738205878ca9434206a",
                "sha256:db250fd3e90117e0312b611574cd1b3f78bec046783195075cbd7ba9c3d73f16",
                "sha256:e515c9a93aebe27166ec9593411c58494fa98e5fcc219e47260d9ab8a1cc7f9f",
                "sha256:e55185e51b18d788e49fe8305fd73ef4470596b33fc2c1ceb304566b99c71a69",
                "sha256:ea9cff01e75a956dbee133fa8e5b68f2f92175233de2f88de3a682dd94deda65",
                "sha256:f1452578d0516283c87608a5a5548b0cdde15b99650efdfd85182102ef7a7c17",
                "sha256:f39a995e47cb8649673cfa0579fbdd1cdd33ea497d1728a6cb194d6252268e48"
            ],
            "version": "==1.20.3"
        },
        "pandas": {
            "hashes": [
                "sha256:11975fad9edbdb55f1a560d96f91830e83e29bed6ad5ebf506abda09818eaf60",
                "sha256:12e13d127ca1b585dd6f6840d3fe3fa6e46c36a6afe2dbc5cb0b57032c902e31",
                "sha256:1c87fcb201e1e06f66e23a61a5fea9eeebfe7204a66d99df24600e3f05168051",
                "sha256:242e9900de758e137304ad4b5663c2eff0d798c2c3b891250bd0bd97144579da",
                "sha256:26c903d0ae1542890cb9abadb4adcb18f356b14c2df46e4ff657ae640e3ac9e7",
                "sha256:2e1e88f9d3e5f107b65b59cd29f141995597b035d17cc5537e58142038942e1a",
                "sha256:31b7a48b344c14691a8e92765d4023f88902ba3e96e2e4d0364d3453cdfd50db",
                "sha256:4fd07a932b4352f8a8973761ab4e84f965bf81cc750fb38e04f01088ab901cb8",
                "sha256:5b24ca47acf69222e82530e89111dd9d14f9b970ab2cd3a1c2c78f0c4fbba4f4",
                "sha256:647b3b916cc8f6aeba240c8171be3ab799c3c1b2ea179a3be0bd2712c4237553",
                "sha256:66b060946046ca27c0e03e9bec9bba3e0b918bafff84c425ca2cc2e157ce121e",
                "sha256:6efa9fa6e1434141df8872d0fa4226fc301b17aacf37429193f9d70b426ea28f",
                "sha256:be4715c9d8367e51dbe6bc6d05e205b1ae234f0dc5465931014aa1c4af44c1ba",
                "sha256:bea90da782d8e945fccfc958585210d23de374fa9294a9481ed2abcef637ebfc",
                "sha256:d318d77ab96f66a59e792a481e2701fba879e1a453aefeebdb17444fe204d1ed",
                "sha256:d785fc08d6f4207437e900ffead930a61e634c5e4f980ba6d3dc03c9581748c7",
                "sha256:de9559287c4fe8da56e8c3878d2374abc19d1ba2b807bfa7553e912a8e5ba87c",
                "sha256:f4f98b190bb918ac0bc0e3dd2ab74ff3573da9f43106f6dba6385406912ec00f",
                "sha256:f71f1a7e2d03758f6e957896ed696254e2bc83110ddbc6942018f1a232dd9dad",
                "sha256:fb944c8f0b0ab5c1f7846c686bc4cdf8cde7224655c12edcd59d5212cd57bec0"
            ],
            "index": "pypi",
            "version": "==0.23.4"
        },
        "parso": {
            "hashes": [
                "sha256:12b83492c6239ce32ff5eed6d3639d6a536170723c6f3f1506869f1ace413398",
                "sha256:a8c4922db71e4fdb90e0d0bc6e50f9b273d3397925e5e60a717e719201778d22"
            ],
            "version": "==0.8.2"
        },
        "pexpect": {
            "hashes": [
                "sha256:0b48a55dcb3c05f3329815901ea4fc1537514d6ba867a152b581d69ae3710937",
                "sha256:fc65a43959d153d0114afe13997d439c22823a27cefceb5ff35c2178c6784c0c"
            ],
            "markers": "sys_platform != 'win32'",
            "version": "==4.8.0"
        },
        "pickleshare": {
            "hashes": [
                "sha256:87683d47965c1da65cdacaf31c8441d12b8044cdec9aca500cd78fc2c683afca",
                "sha256:9649af414d74d4df115d5d718f82acb59c9d418196b7b4290ed47a12ce62df56"
            ],
            "version": "==0.7.5"
        },
        "praw": {
            "hashes": [
                "sha256:ccd3463c838d912073c82cc226f7d62fb01aecf2f33dff3f0456afc688f45376",
                "sha256:ead6a4cce623f9a5093965a98e4f4bb5463920c8e4a5caf19098c585d06bb507"
            ],
            "index": "pypi",
            "version": "==6.0.0"
        },
        "prawcore": {
            "hashes": [
                "sha256:1f1eafc8a65d671f9892354f73142014fbb5d3a9ee621568c662d0a354e0578b",
                "sha256:672d8a2faa12b44307874b2acfdd27f9cbaa5fa37bada4b34e36277224e6d8ed"
            ],
            "version": "==1.5.0"
        },
        "prompt-toolkit": {
            "hashes": [
                "sha256:bf00f22079f5fadc949f42ae8ff7f05702826a97059ffcc6281036ad40ac6f04",
                "sha256:e1b4f11b9336a28fa11810bc623c357420f69dfdb6d2dac41ca2c21a55c033bc"
            ],
            "version": "==3.0.18"
        },
        "psaw": {
            "hashes": [
                "sha256:4c8c45a6f80e0a1f3436a1fd6685497f401248b8a119fe4a8531ad5fdb75244e"
            ],
            "index": "pypi",
            "version": "==0.0.7"
        },
        "ptyprocess": {
            "hashes": [
                "sha256:4b41f3967fce3af57cc7e94b888626c18bf37a083e3651ca8feeb66d492fef35",
                "sha256:5c5d0a3b48ceee0b48485e0c26037c0acd7d29765ca3fbb5cb3831d347423220"
            ],
            "version": "==0.7.0"
        },
        "pygments": {
            "hashes": [
                "sha256:a18f47b506a429f6f4b9df81bb02beab9ca21d0a5fee38ed15aef65f0545519f",
                "sha256:d66e804411278594d764fc69ec36ec13d9ae9147193a1740cd34d272ca383b8e"
            ],
            "version": "==2.9.0"
        },
        "pymongo": {
            "hashes": [
                "sha256:03be7ad107d252bb7325d4af6309fdd2c025d08854d35f0e7abc8bf048f4245e",
                "sha256:071552b065e809d24c5653fcc14968cfd6fde4e279408640d5ac58e3353a3c5f",
                "sha256:08b8723248730599c9803ae4c97b8f3f76c55219104303c88cb962a31e3bb5ee",
                "sha256:08bda7b2c522ff9f1e554570da16298271ebb0c56ab9699446aacba249008988",
                "sha256:0aaf4d44f1f819360f9432df538d54bbf850f18152f34e20337c01b828479171",
                "sha256:0cabfc297f4cf921f15bc789a8fbfd7115eb9f813d3f47a74b609894bc66ab0d",
                "sha256:13acf6164ead81c9fc2afa0e1ea6d6134352973ce2bb35496834fee057063c04",
                "sha256:15b083d1b789b230e5ac284442d9ecb113c93f3785a6824f748befaab803b812",
                "sha256:161fcd3281c42f644aa8dec7753cca2af03ce654e17d76da4f0dab34a12480ca",
                "sha256:1a994a42f49dab5b6287e499be7d3d2751776486229980d8857ad53b8333d469",
                "sha256:20d75ea11527331a2980ab04762a9d960bcfea9475c54bbeab777af880de61cd",
                "sha256:225c61e08fe517aede7912937939e09adf086c8e6f7e40d4c85ad678c2c2aea3",
                "sha256:3135dd574ef1286189f3f04a36c8b7a256376914f8cbbce66b94f13125ded858",
                "sha256:3491c7de09e44eded16824cb58cf9b5cc1dc6f066a0bb7aa69929d02aa53b828",
                "sha256:3551912f5c34d8dd7c32c6bb00ae04192af47f7b9f653608f107d19c1a21a194",
                "sha256:38a7b5140a48fc91681cdb5cb95b7cd64640b43d19259fdd707fa9d5a715f2b2",
                "sha256:3a3498a8326111221560e930f198b495ea6926937e249f475052ffc6893a6680",
                "sha256:3bfc7689a1bacb9bcd2f2d5185d99507aa29f667a58dd8adaa43b5a348139e46",
                "sha256:421d13523d11c57f57f257152bc4a6bb463aadf7a3918e9c96fefdd6be8dbfb8",
                "sha256:424799c71ff435094e5fb823c40eebb4500f0e048133311e9c026467e8ccebac",
                "sha256:474e21d0e07cd09679e357d1dac76e570dab86665e79a9d3354b10a279ac6fb3",
                "sha256:4c7e8c8e1e1918dcf6a652ac4b9d87164587c26fd2ce5dd81e73a5ab3b3d492f",
                "sha256:510cd3bfabb63a07405b7b79fae63127e34c118b7531a2cbbafc7a24fd878594",
                "sha256:517ba47ca04a55b1f50ee8df9fd97f6c37df5537d118fb2718952b8623860466",
                "sha256:539d4cb1b16b57026999c53e5aab857fe706e70ae5310cc8c232479923f932e6",
                "sha256:5c36428cc4f7fae56354db7f46677fd21222fc3cb1e8829549b851172033e043",
                "sha256:5db59223ed1e634d842a053325f85f908359c6dac9c8ddce8ef145061fae7df8",
                "sha256:5e606846c049ed40940524057bfdf1105af6066688c0e6a1a3ce2038589bae70",
                "sha256:6060794aac9f7b0644b299f46a9c6cbc0bc470bd01572f4134df140afd41ded6",
                "sha256:62c29bc36a6d9be68fe7b5aaf1e120b4aa66a958d1e146601fcd583eb12cae7b",
                "sha256:73326b211e7410c8bd6a74500b1e3f392f39cf10862e243d00937e924f112c01",
                "sha256:78f07961f4f214ea8e80be63cffd5cc158eb06cd922ffbf6c7155b11728f28f9",
                "sha256:7c97554ea521f898753d9773891d0347ebfaddcc1dee2ad94850b163171bf1f1",
                "sha256:8898f6699f740ca93a0879ed07d8e6db02d68af889d0ebb3d13ab017e6b1af1e",
                "sha256:8a41fdc751dc4707a4fafb111c442411816a7c225ebb5cadb57599534b5d5372",
                "sha256:8e0004b0393d72d76de94b4792a006cb960c1c65c7659930fbf9a81ce4341982",
                "sha256:977b1d4f868986b4ba5d03c317fde4d3b66e687d74473130cd598e3103db34fa",
                "sha256:9a4f6e0b01df820ba9ed0b4e618ca83a1c089e48d4f268d0e00dcd49893d4549",
                "sha256:9b9298964389c180a063a9e8bac8a80ed42de11d04166b20249bfa0a489e0e0f",
                "sha256:a08c8b322b671857c81f4c30cd3c8df2895fd3c0e9358714f39e0ef8fb327702",
                "sha256:ad31f184dcd3271de26ab1f9c51574afb99e1b0e484ab1da3641256b723e4994",
                "sha256:aff3656af2add93f290731a6b8930b23b35c0c09569150130a58192b3ec6fc61",
                "sha256:b2f41261b648cf5dee425f37ff14f4ad151c2f24b827052b402637158fd056ef",
                "sha256:b413117210fa6d92664c3d860571e8e8727c3e8f2ff197276c5d0cb365abd3ad",
                "sha256:b7efc7e7049ef366777cfd35437c18a4166bb50a5606a1c840ee3b9624b54fc9",
                "sha256:b8f94acd52e530a38f25e4d5bf7ddfdd4bea9193e718f58419def0d4406b58d3",
                "sha256:d0a70151d7de8a3194cdc906bcc1a42e14594787c64b0c1c9c975e5a2af3e251",
                "sha256:d360e5d5dd3d55bf5d1776964625018d85b937d1032bae1926dd52253decd0db",
                "sha256:d4e62417e89b717a7bcd8576ac3108cd063225942cc91c5b37ff5465fdccd386",
                "sha256:d65bac5f6724d9ea6f0b5a0f0e4952fbbf209adcf6b5583b54c54bd2fcd74dc0",
                "sha256:e02beaab433fd1104b2804f909e694cfbdb6578020740a9051597adc1cd4e19f",
                "sha256:e4b631688dfbdd61b5610e20b64b99d25771c6d52d9da73349342d2a0f11c46a",
                "sha256:e4e9db78b71db2b1684ee4ecc3e32c4600f18cdf76e6b9ae03e338e52ee4b168",
                "sha256:eb4d176394c37a76e8b0afe54b12d58614a67a60a7f8c0dd3a5afbb013c01092",
                "sha256:f08665d3cc5abc2f770f472a9b5f720a9b3ab0b8b3bb97c7c1487515e5653d39",
                "sha256:f3d851af3852f16ad4adc7ee054fd9c90a7a5063de94d815b7f6a88477b9f4c6",
                "sha256:f4ba58157e8ae33ee86fadf9062c506e535afd904f07f9be32731f4410a23b7f",
                "sha256:f664ed7613b8b18f0ce5696b146776266a038c19c5cd6efffa08ecc189b01b73",
                "sha256:f947b359cc4769af8b49be7e37af01f05fcf15b401da2528021148e4a54426d1",
                "sha256:fe4189846448df013cd9df11bba38ddf78043f8c290a9f06430732a7a8601cce",
                "sha256:fea5cb1c63efe1399f0812532c7cf65458d38fd011be350bc5021dfcac39fba8",
                "sha256:fedf0dee7a412ca6d1d6d92c158fe9cbaa8ea0cae90d268f9ccc0744de7a97d0",
                "sha256:fffff7bfb6799a763d3742c59c6ee7ffadda21abed557637bc44ed1080876484"
            ],
            "index": "pypi",
            "version": "==3.11.4"
        },
        "pyparsing": {
            "hashes": [
                "sha256:c203ec8783bf771a155b207279b9bccb8dea02d8f0c9e5f8ead507bc3246ecc1",
                "sha256:ef9d7589ef3c200abe66653d3f1ab1033c3c419ae9b9bdb1240a85b024efc88b"
            ],
            "version": "==2.4.7"
        },
        "python-dateutil": {
            "hashes": [
                "sha256:73ebfe9dbf22e832286dafa60473e4cd239f8592f699aa5adaf10050e6e1823c",
                "sha256:75bb3f31ea686f1197762692a9ee6a7550b59fc6ca3a1f4b5d7e32fb98e2da2a"
            ],
            "version": "==2.8.1"
        },
        "pytz": {
            "hashes": [
                "sha256:83a4a90894bf38e243cf052c8b58f381bfe9a7a483f6a9cab140bc7f702ac4da",
                "sha256:eb10ce3e7736052ed3623d49975ce333bcd712c7bb19a58b9e2089d4057d0798"
            ],
            "version": "==2021.1"
        },
        "requests": {
            "hashes": [
                "sha256:27973dd4a904a4f13b263a19c866c13b92a39ed1c964655f025f3f8d3d75b804",
                "sha256:c210084e36a42ae6b9219e00e48287def368a26d03a048ddad7bfee44f75871e"
            ],
            "version": "==2.25.1"
        },
        "scikit-learn": {
            "hashes": [
                "sha256:038f4e9d6ef10e1f3fe82addc3a14735c299866eb10f2c77c090410904828312",
                "sha256:06ffdcaaf81e2a3b1b50c3ac6842cfb13df2d8b737d61f64643ed61da7389cde",
                "sha256:0e71ce9c7cbc20f6f8b860107ce15114da26e8675238b4b82b7e7cd37ca0c087",
                "sha256:1eec963fe9ffc827442c2e9333227c4d49749a44e592f305398c1db5c1563393",
                "sha256:2754c85b2287333f9719db7f23fb7e357f436deed512db3417a02bf6f2830aa5",
                "sha256:2db429090b98045d71218a9ba913cc9b3fe78e0ba0b6b647d8748bc6d5a44080",
                "sha256:39b7e3b71bcb1fe46397185d6c1a5db1c441e71c23c91a31e7ad8cc3f7305f9a",
                "sha256:3cbd734e1aefc7c5080e6b6973fe062f97c26a1cdf1a991037ca196ce1c8f427",
                "sha256:40556bea1ef26ef54bc678d00cf138a63069144a0b5f3a436eecd8f3468b903e",
                "sha256:48f273836e19901ba2beecd919f7b352f09310ce67c762f6e53bc6b81cacf1f0",
                "sha256:49ec0b1361da328da9bb7f1a162836028e72556356adeb53342f8fae6b450d47",
                "sha256:4e6198675a6f9d333774671bd536668680eea78e2e81c0b19e57224f58d17f37",
                "sha256:5beaeb091071625e83f5905192d8aecde65ba2f26f8b6719845bbf586f7a04a1",
                "sha256:5ff3e4e4cf7592d36541edec434e09fb8ab9ba6b47608c4ffe30c9038d301897",
                "sha256:62214d2954377fcf3f31ec867dd4e436df80121e7a32947a0b3244f58f45e455",
                "sha256:7be1b88c23cfac46e06404582215a917017cd2edaa2e4d40abe6aaff5458f24b",
                "sha256:8fac72b9688176922f9f54fda1ba5f7ffd28cbeb9aad282760186e8ceba9139a",
                "sha256:90a297330f608adeb4d2e9786c6fda395d3150739deb3d42a86d9a4c2d15bc1d",
                "sha256:a2a47449093dcf70babc930beba2ca0423cb7df2fa5fd76be5260703d67fa574",
                "sha256:ae19ac105cf7ce8c205a46166992fdec88081d6e783ab6e38ecfbe45729f3c39",
                "sha256:ae426e3a52842c6b6d77d00f906b6031c8c2cfdfabd6af7511bb4bc9a68d720e",
                "sha256:cbdb0b3db99dd1d5f69d31b4234367d55475add31df4d84a3bd690ef017b55e2",
                "sha256:cdf24c1b9bbeb4936456b42ac5bd32c60bb194a344951acb6bfb0cddee5439a4",
                "sha256:d14701a12417930392cd3898e9646cf5670c190b933625ebe7511b1f7d7b8736",
                "sha256:d177fe1ff47cc235942d628d41ee5b1c6930d8f009f1a451c39b5411e8d0d4cf",
                "sha256:d5bf9c863ba4717b3917b5227463ee06860fc43931dc9026747de416c0a10fee",
                "sha256:dd968a174aa82f3341a615a033fa6a8169e9320cbb46130686562db132d7f1f0",
                "sha256:f0ed4483c258fb23150e31b91ea7d25ff8495dba108aea0b0d4206a777705350",
                "sha256:f18c3ed484eeeaa43a0d45dc2efb4d00fc6542ccdcfa2c45d7b635096a2ae534",
                "sha256:f1d2108e770907540b5248977e4cff9ffaf0f73d0d13445ee938df06ca7579c6",
                "sha256:f3ec00f023d84526381ad0c0f2cff982852d035c921bbf8ceb994f4886c00c64",
                "sha256:f74429a07fedb36a03c159332b914e6de757176064f9fed94b5f79ebac07d913",
                "sha256:fec42690a2eb646b384eafb021c425fab48991587edb412d4db77acc358b27ce"
            ],
            "version": "==0.24.2"
        },
        "scipy": {
            "hashes": [
                "sha256:02cb79ea38114dc480e9b08d6b87095728e8fb39b9a49b449ee443d678001611",
                "sha256:03c827cdbc584e935264040b958e5fa0570a16095bee23a013482ba3f0e963a2",
                "sha256:04f2b23258139c109d0524f111597dd095a505d9cb2c71e381d688d653877fa3",
                "sha256:3132a9fab3f3545c8b0ba15688d11857efdd4a58d388d3785dc474f56fea7138",
                "sha256:4b1f0883cb9d8ee963cf0a31c87341e9e758abb2cf1e5bcc0d7b066ef6b17573",
                "sha256:4cce25c6e7ff7399c67dfe1b5423c36c391cf9b4b2be390c1675ab410f1ef503",
                "sha256:51a2424c8ed80e60bdb9a896806e7adaf24a58253b326fbad10f80a6d06f2214",
                "sha256:5706b785ca289fdfd91aa05066619e51d140613b613e35932601f2315f5d8470",
                "sha256:58f0435f052cb60f1472c77f52a8f6642f8877b70559e5e0b9a1744f33f5cbe5",
                "sha256:63e1d5ca9e5e1984f1a275276991b036e25d39d37dd7edbb3f4f6165c2da7dbb",
                "sha256:64b2c35824da3ef6bb1e722216e4ef28802af6413c7586136500e343d34ba179",
                "sha256:6f791987899532305126309578727c0197bddbafab9596bafe3e7bfab6e1ce13",
                "sha256:72bd766f753fd32f072d30d7bc2ad492d56dbcbf3e13764e27635d5c41079339",
                "sha256:7413080b381766a22d52814edb65631f0e323a7cea945c70021a672f38acc73f",
                "sha256:78a67ee4845440e81cfbfabde20537ca12051d0eeac951fe4c6d8751feac3103",
                "sha256:7994c044bf659b0a24ad7673ec7db85c2fadb87e4980a379a9fd5b086fe3649a",
                "sha256:7dc4002f0a0a688774ef04878afe769ecd1ac21fe9b4b1d7125e2cf16170afd3",
                "sha256:854bd87cc23824d5db4983956bc30f3790e1c7448f1a9e6a8fb7bff7601aef87",
                "sha256:8608316d0cc01f8b25111c8adfe6efbc959cbba037a62c784551568d7ffbf280",
                "sha256:8f5fcc87b48fc3dd6d901669c89af4feeb856dffb6f671539a238b7e8af1799c",
                "sha256:937147086e8b4338bf139ca8fa98da650e3a46bf2ca617f8e9dd68c3971ec420",
                "sha256:bc294841f6c822714af362095b181a853f47ed5ce757354bd2e4776d579ff3a4",
                "sha256:bc6a88b0009a1b60eab5c22ac3a006f6968d6328de10c6a64ebb0d64a05548d3",
                "sha256:c5eae911cf26b3c7eda889ec98d3c226f312c587acfaaf02602473f98b4c16d6",
                "sha256:cca33a01a5987c650b87a1a910aa311ffa44e67cca1ff502ef9efdae5d9a8624",
                "sha256:d1ae77b79fd5e27a10ba7c4e7c3a62927b9d29a4dccf28f6905c25d983aaf183",
                "sha256:fb36064047e6bf87b6320a9b6eb7f525ef6863c7a4aef1a84a4bbfb043612617",
                "sha256:fc1a19d95649439dbd50baca676bceb29bbfcd600aed2c5bd71d9bad82a87cfe"
            ],
            "index": "pypi",
            "version": "==1.2.0"
        },
        "seaborn": {
            "hashes": [
                "sha256:42e627b24e849c2d3bbfd059e00005f6afbc4a76e4895baf44ae23fe8a4b09a5",
                "sha256:76c83f794ca320fb6b23a7c6192d5e185a5fcf4758966a0c0a54baee46d41e2f"
            ],
            "index": "pypi",
            "version": "==0.9.0"
        },
        "singledispatch": {
            "hashes": [
                "sha256:0d428477703d8386eb6aeed6e522c9f22d49f4363cdf4ed6a2ba3dc276053e20",
                "sha256:d5bb9405a4b8de48e36709238e8b91b4f6f300f81a5132ba2531a9a738eca391"
            ],
            "version": "==3.6.2"
        },
        "six": {
            "hashes": [
                "sha256:1e61c37477a1626458e36f7b1d82aa5c9b094fa4802892072e49de9c60c4c926",
                "sha256:8abb2f1d86890a2dfb989f9a77cfcfd3e47c2a354b01111771326f8aa26e0254"
            ],
            "version": "==1.16.0"
        },
        "sklearn": {
            "hashes": [
                "sha256:e23001573aa194b834122d2b9562459bf5ae494a2d59ca6b8aa22c85a44c0e31"
            ],
            "index": "pypi",
            "version": "==0.0"
        },
        "threadpoolctl": {
            "hashes": [
                "sha256:38b74ca20ff3bb42caca8b00055111d74159ee95c4370882bbff2b93d24da725",
                "sha256:ddc57c96a38beb63db45d6c159b5ab07b6bced12c45a1f07b2b92f272aebfa6b"
            ],
            "version": "==2.1.0"
        },
        "tqdm": {
            "hashes": [
                "sha256:79420109a762f82e20e8ecdc3b3bc1bc6c6536884a8de5fa86a50eb99386376a",
                "sha256:7fa801cf60e318bf7d2ac7498254df0f3d7a3ad23c622ae63666257d5f833967"
            ],
            "index": "pypi",
            "version": "==4.29.0"
        },
        "traitlets": {
            "hashes": [
                "sha256:178f4ce988f69189f7e523337a3e11d91c786ded9360174a3d9ca83e79bc5396",
                "sha256:69ff3f9d5351f31a7ad80443c2674b7099df13cc41fc5fa6e2f6d3b0330b0426"
            ],
            "version": "==5.0.5"
        },
        "update-checker": {
            "hashes": [
                "sha256:6a2d45bb4ac585884a6b03f9eade9161cedd9e8111545141e9aa9058932acb13",
                "sha256:cbba64760a36fe2640d80d85306e8fe82b6816659190993b7bdabadee4d4bbfd"
            ],
            "version": "==0.18.0"
        },
        "urllib3": {
            "hashes": [
                "sha256:753a0374df26658f99d826cfe40394a686d05985786d946fbe4165b5148f5a7c",
                "sha256:a7acd0977125325f516bda9735fa7142b909a8d01e8b2e4c8108d0984e6e0098"
            ],
            "index": "pypi",
            "version": "==1.26.5"
        },
        "wcwidth": {
            "hashes": [
                "sha256:beb4802a9cebb9144e99086eff703a642a13d6a0052920003a230f3294bbe784",
                "sha256:c4d647b99872929fdb7bdcaa4fbe7f01413ed3d98077df798530e5b04f116c83"
            ],
            "version": "==0.2.5"
        },
        "yellowbrick": {
            "hashes": [
                "sha256:6099d38e35364fa1f14db6d43592d75706c14b36bee12e106cc732f4a5dced1b",
                "sha256:e4ca98068da958dba27900a315868557c9f6aa759453b25aebbc7e5fda7a61fb"
            ],
            "index": "pypi",
            "version": "==0.9"
        }
    },
    "develop": {
        "backcall": {
            "hashes": [
                "sha256:5cbdbf27be5e7cfadb448baf0aa95508f91f2bbc6c6437cd9cd06e2a4c215e1e",
                "sha256:fbbce6a29f263178a1f7915c1940bde0ec2b2a967566fe1c65c1dfb7422bd255"
            ],
            "version": "==0.2.0"
        },
        "decorator": {
            "hashes": [
                "sha256:6e5c199c16f7a9f0e3a61a4a54b3d27e7dad0dbdde92b944426cb20914376323",
                "sha256:72ecfba4320a893c53f9706bebb2d55c270c1e51a28789361aa93e4a21319ed5"
            ],
            "version": "==5.0.9"
        },
        "ipython": {
            "hashes": [
                "sha256:a171caa3d3d4c819a1c0742e3abecfd5a2b8ab525ca1c9f114b40b76b0679ab1",
                "sha256:f86788eef439891438af3498525094cc2acbdbea4f2aa2f8895782d4ff471341"
            ],
            "index": "pypi",
            "version": "==7.24.0"
        },
        "ipython-genutils": {
            "hashes": [
                "sha256:72dd37233799e619666c9f639a9da83c34013a73e8bbc79a7a6348d93c61fab8",
                "sha256:eb2e116e75ecef9d4d228fdc66af54269afa26ab4463042e33785b887c628ba8"
            ],
            "version": "==0.2.0"
        },
        "jedi": {
            "hashes": [
                "sha256:18456d83f65f400ab0c2d3319e48520420ef43b23a086fdc05dff34132f0fb93",
                "sha256:92550a404bad8afed881a137ec9a461fed49eca661414be45059329614ed0707"
            ],
            "version": "==0.18.0"
        },
        "parso": {
            "hashes": [
                "sha256:12b83492c6239ce32ff5eed6d3639d6a536170723c6f3f1506869f1ace413398",
                "sha256:a8c4922db71e4fdb90e0d0bc6e50f9b273d3397925e5e60a717e719201778d22"
            ],
            "version": "==0.8.2"
        },
        "pexpect": {
            "hashes": [
                "sha256:0b48a55dcb3c05f3329815901ea4fc1537514d6ba867a152b581d69ae3710937",
                "sha256:fc65a43959d153d0114afe13997d439c22823a27cefceb5ff35c2178c6784c0c"
            ],
            "markers": "sys_platform != 'win32'",
            "version": "==4.8.0"
        },
        "pickleshare": {
            "hashes": [
                "sha256:87683d47965c1da65cdacaf31c8441d12b8044cdec9aca500cd78fc2c683afca",
                "sha256:9649af414d74d4df115d5d718f82acb59c9d418196b7b4290ed47a12ce62df56"
            ],
            "version": "==0.7.5"
        },
        "prompt-toolkit": {
            "hashes": [
                "sha256:bf00f22079f5fadc949f42ae8ff7f05702826a97059ffcc6281036ad40ac6f04",
                "sha256:e1b4f11b9336a28fa11810bc623c357420f69dfdb6d2dac41ca2c21a55c033bc"
            ],
            "version": "==3.0.18"
        },
        "ptyprocess": {
            "hashes": [
                "sha256:4b41f3967fce3af57cc7e94b888626c18bf37a083e3651ca8feeb66d492fef35",
                "sha256:5c5d0a3b48ceee0b48485e0c26037c0acd7d29765ca3fbb5cb3831d347423220"
            ],
            "version": "==0.7.0"
        },
        "pygments": {
            "hashes": [
                "sha256:a18f47b506a429f6f4b9df81bb02beab9ca21d0a5fee38ed15aef65f0545519f",
                "sha256:d66e804411278594d764fc69ec36ec13d9ae9147193a1740cd34d272ca383b8e"
            ],
            "version": "==2.9.0"
        },
        "six": {
            "hashes": [
                "sha256:1e61c37477a1626458e36f7b1d82aa5c9b094fa4802892072e49de9c60c4c926",
                "sha256:8abb2f1d86890a2dfb989f9a77cfcfd3e47c2a354b01111771326f8aa26e0254"
            ],
            "version": "==1.16.0"
        },
        "traitlets": {
            "hashes": [
                "sha256:178f4ce988f69189f7e523337a3e11d91c786ded9360174a3d9ca83e79bc5396",
                "sha256:69ff3f9d5351f31a7ad80443c2674b7099df13cc41fc5fa6e2f6d3b0330b0426"
            ],
            "version": "==5.0.5"
        },
        "wcwidth": {
            "hashes": [
                "sha256:beb4802a9cebb9144e99086eff703a642a13d6a0052920003a230f3294bbe784",
                "sha256:c4d647b99872929fdb7bdcaa4fbe7f01413ed3d98077df798530e5b04f116c83"
            ],
            "version": "==0.2.5"
        }
    }
}
