{
    "_meta": {
        "hash": {
            "sha256": "73a2831829aa42b7669b12b05683981ad4bde140e6acaf210a9f3c258d6d59cf"
        },
        "pipfile-spec": 6,
        "requires": {
            "python_version": "3.7"
        },
        "sources": [
            {
                "name": "pypi",
                "url": "https://pypi.org/simple",
                "verify_ssl": true
            }
        ]
    },
    "default": {
        "backcall": {
            "hashes": [
                "sha256:5cbdbf27be5e7cfadb448baf0aa95508f91f2bbc6c6437cd9cd06e2a4c215e1e",
                "sha256:fbbce6a29f263178a1f7915c1940bde0ec2b2a967566fe1c65c1dfb7422bd255"
            ],
            "version": "==0.2.0"
        },
        "certifi": {
            "hashes": [
                "sha256:78884e7c1d4b00ce3cea67b44566851c4343c120abd683433ce934a68ea58872",
                "sha256:d62a0163eb4c2344ac042ab2bdf75399a71a2d8c7d47eac2e2ee91b9d6339569"
            ],
            "version": "==2021.10.8"
        },
        "charset-normalizer": {
            "hashes": [
                "sha256:876d180e9d7432c5d1dfd4c5d26b72f099d503e8fcc0feb7532c9289be60fcbd",
                "sha256:cb957888737fc0bbcd78e3df769addb41fd1ff8cf950dc9e7ad7793f1bf44455"
            ],
            "markers": "python_version >= '3'",
            "version": "==2.0.10"
        },
        "click": {
            "hashes": [
                "sha256:2335065e6395b9e67ca716de5f7526736bfa6ceead690adf616d925bdc622b13",
                "sha256:5b94b49521f6456670fdb30cd82a4eca9412788a93fa6dd6df72c94d5a8ff2d7"
            ],
            "index": "pypi",
            "version": "==7.0"
        },
        "cycler": {
            "hashes": [
                "sha256:3a27e95f763a428a739d2add979fa7494c912a32c17c4c38c4d5f082cad165a3",
                "sha256:9c87405839a19696e837b3b818fed3f5f69f16f1eec1a1ad77e043dcea9c772f"
            ],
            "markers": "python_version >= '3.6'",
            "version": "==0.11.0"
        },
        "decorator": {
            "hashes": [
                "sha256:637996211036b6385ef91435e4fae22989472f9d571faba8927ba8253acbc330",
                "sha256:b8c3f85900b9dc423225913c5aace94729fe1fa9763b38939a95226f02d37186"
            ],
            "markers": "python_version >= '3.5'",
            "version": "==5.1.1"
        },
        "idna": {
            "hashes": [
                "sha256:84d9dd047ffa80596e0f246e2eab0b391788b0503584e8945f2368256d2735ff",
                "sha256:9d643ff0a55b762d5cdb124b8eaa99c66322e2157b69160bc32796e824360e6d"
            ],
            "markers": "python_version >= '3'",
            "version": "==3.3"
        },
        "ipython": {
            "hashes": [
                "sha256:5ac47dc9af66fc2f5530c12069390877ae372ac905edca75a92a6e363b5d7caa",
                "sha256:c0427ed8bc33ac481faf9d3acf7e84e0010cdaada945e0badd1e2e74cc075833"
            ],
            "index": "pypi",
            "version": "==7.16.3"
        },
        "jedi": {
            "hashes": [
                "sha256:86ed7d9b750603e4ba582ea8edc678657fb4007894a12bcf6f4bb97892f31d20",
                "sha256:98cc583fa0f2f8304968199b01b6b4b94f469a1f4a74c1560506ca2a211378b5"
            ],
            "markers": "python_version >= '2.7' and python_version not in '3.0, 3.1, 3.2, 3.3, 3.4'",
            "version": "==0.17.2"
        },
        "joblib": {
            "hashes": [
                "sha256:4158fcecd13733f8be669be0683b96ebdbbd38d23559f54dca7205aea1bf1e35",
                "sha256:f21f109b3c7ff9d95f8387f752d0d9c34a02aa2f7060c2135f465da0e5160ff6"
            ],
            "markers": "python_version >= '3.6'",
            "version": "==1.1.0"
        },
        "kiwisolver": {
            "hashes": [
                "sha256:0007840186bacfaa0aba4466d5890334ea5938e0bb7e28078a0eb0e63b5b59d5",
                "sha256:19554bd8d54cf41139f376753af1a644b63c9ca93f8f72009d50a2080f870f77",
                "sha256:1d45d1c74f88b9f41062716c727f78f2a59a5476ecbe74956fafb423c5c87a76",
                "sha256:1d819553730d3c2724582124aee8a03c846ec4362ded1034c16fb3ef309264e6",
                "sha256:2210f28778c7d2ee13f3c2a20a3a22db889e75f4ec13a21072eabb5693801e84",
                "sha256:22521219ca739654a296eea6d4367703558fba16f98688bd8ce65abff36eaa84",
                "sha256:25405f88a37c5f5bcba01c6e350086d65e7465fd1caaf986333d2a045045a223",
                "sha256:2b65bd35f3e06a47b5c30ea99e0c2b88f72c6476eedaf8cfbc8e66adb5479dcf",
                "sha256:2ddb500a2808c100e72c075cbb00bf32e62763c82b6a882d403f01a119e3f402",
                "sha256:2f8f6c8f4f1cff93ca5058d6ec5f0efda922ecb3f4c5fb76181f327decff98b8",
                "sha256:30fa008c172355c7768159983a7270cb23838c4d7db73d6c0f6b60dde0d432c6",
                "sha256:3dbb3cea20b4af4f49f84cffaf45dd5f88e8594d18568e0225e6ad9dec0e7967",
                "sha256:4116ba9a58109ed5e4cb315bdcbff9838f3159d099ba5259c7c7fb77f8537492",
                "sha256:44e6adf67577dbdfa2d9f06db9fbc5639afefdb5bf2b4dfec25c3a7fbc619536",
                "sha256:5326ddfacbe51abf9469fe668944bc2e399181a2158cb5d45e1d40856b2a0589",
                "sha256:70adc3658138bc77a36ce769f5f183169bc0a2906a4f61f09673f7181255ac9b",
                "sha256:72be6ebb4e92520b9726d7146bc9c9b277513a57a38efcf66db0620aec0097e0",
                "sha256:7843b1624d6ccca403a610d1277f7c28ad184c5aa88a1750c1a999754e65b439",
                "sha256:7ba5a1041480c6e0a8b11a9544d53562abc2d19220bfa14133e0cdd9967e97af",
                "sha256:80efd202108c3a4150e042b269f7c78643420cc232a0a771743bb96b742f838f",
                "sha256:82f49c5a79d3839bc8f38cb5f4bfc87e15f04cbafa5fbd12fb32c941cb529cfb",
                "sha256:83d2c9db5dfc537d0171e32de160461230eb14663299b7e6d18ca6dca21e4977",
                "sha256:8d93a1095f83e908fc253f2fb569c2711414c0bfd451cab580466465b235b470",
                "sha256:8dc3d842fa41a33fe83d9f5c66c0cc1f28756530cd89944b63b072281e852031",
                "sha256:9661a04ca3c950a8ac8c47f53cbc0b530bce1b52f516a1e87b7736fec24bfff0",
                "sha256:a498bcd005e8a3fedd0022bb30ee0ad92728154a8798b703f394484452550507",
                "sha256:a7a4cf5bbdc861987a7745aed7a536c6405256853c94abc9f3287c3fa401b174",
                "sha256:b5074fb09429f2b7bc82b6fb4be8645dcbac14e592128beeff5461dcde0af09f",
                "sha256:b6a5431940f28b6de123de42f0eb47b84a073ee3c3345dc109ad550a3307dd28",
                "sha256:ba677bcaff9429fd1bf01648ad0901cea56c0d068df383d5f5856d88221fe75b",
                "sha256:bcadb05c3d4794eb9eee1dddf1c24215c92fb7b55a80beae7a60530a91060560",
                "sha256:bf7eb45d14fc036514c09554bf983f2a72323254912ed0c3c8e697b62c4c158f",
                "sha256:c358721aebd40c243894298f685a19eb0491a5c3e0b923b9f887ef1193ddf829",
                "sha256:c4550a359c5157aaf8507e6820d98682872b9100ce7607f8aa070b4b8af6c298",
                "sha256:c6572c2dab23c86a14e82c245473d45b4c515314f1f859e92608dcafbd2f19b8",
                "sha256:cba430db673c29376135e695c6e2501c44c256a81495da849e85d1793ee975ad",
                "sha256:dedc71c8eb9c5096037766390172c34fb86ef048b8e8958b4e484b9e505d66bc",
                "sha256:e6f5eb2f53fac7d408a45fbcdeda7224b1cfff64919d0f95473420a931347ae9",
                "sha256:ec2eba188c1906b05b9b49ae55aae4efd8150c61ba450e6721f64620c50b59eb",
                "sha256:ee040a7de8d295dbd261ef2d6d3192f13e2b08ec4a954de34a6fb8ff6422e24c",
                "sha256:eedd3b59190885d1ebdf6c5e0ca56828beb1949b4dfe6e5d0256a461429ac386",
                "sha256:f441422bb313ab25de7b3dbfd388e790eceb76ce01a18199ec4944b369017009",
                "sha256:f8eb7b6716f5b50e9c06207a14172cf2de201e41912ebe732846c02c830455b9",
                "sha256:fc4453705b81d03568d5b808ad8f09c77c47534f6ac2e72e733f9ca4714aa75c"
            ],
            "markers": "python_version >= '3.7'",
            "version": "==1.3.2"
        },
        "matplotlib": {
            "hashes": [
                "sha256:0ba8e3ec1b0feddc6b068fe70dc38dcf2917e301ad8d2b3f848c14ad463a4157",
                "sha256:10a48e33e64dbd95f0776ba162f379c5cc55301c2d155506e79ce0c26b52f2ce",
                "sha256:1376535fe731adbba55ab9e48896de226b7e89dbb55390c5fbd8f7161b7ae3be",
                "sha256:16f0f8ba22df1e2c9f06c87088de45742322fde282a93b5c744c0f969cf7932e",
                "sha256:1c6c999f2212858021329537f8e0f98f3f29086ec3683511dd1ecec84409f51d",
                "sha256:2316dc177fc7b3d8848b49365498de0c385b4c9bba511edddd24c34fbe3d37a4",
                "sha256:3398bfb533482bf21974cecf28224dd23784ad4e4848be582903f7a2436ec12e",
                "sha256:3477cb1e1061b34210acc43d20050be8444478ff50b8adfac5fe2b45fc97df01",
                "sha256:3cc06333b8264428d02231804e2e726b902e9161dc16f573183dee6cb7ef621f",
                "sha256:4259ea7cb2c238355ee13275eddd261d869cefbdeb18a65f35459589d6d17def",
                "sha256:4addcf93234b6122f530f90f485fd3d00d158911fbc1ed24db3fa66cd49fe565",
                "sha256:50c0e24bcbce9c54346f4a2f4e97b0ed111f0413ac3fe9954061ae1c8aa7021f",
                "sha256:62ed7597d9e54db6e133420d779c642503c25eba390e1178d85dfb2ba0d05948",
                "sha256:69f6d51e41a17f6a5f70c56bb10b8ded9f299609204495a7fa2782a3a755ffc5",
                "sha256:6d232e49b74e3d2db22c63c25a9a0166d965e87e2b057f795487f1f244b61d9d",
                "sha256:7355bf757ecacd5f0ac9dd9523c8e1a1103faadf8d33c22664178e17533f8ce5",
                "sha256:886b1045c5105631f10c1cbc999f910e44d33af3e9c7efd68c2123efc06ab636",
                "sha256:9e1f353edd7fc7e5e9101abd5bc0201946f77a1b59e0da49095086c03db856ed",
                "sha256:b3a343dfcbe296dbe0f26c731beee72a792ff948407e6979524298ae7bc3234e",
                "sha256:d93675af09ca497a25f4f8d62f3313cf0f21e45427a87487049fe84898b99909",
                "sha256:e2409ef9d37804dfb566f39c962e6ed70f281ff516b8131b3e6b4e6442711ff1",
                "sha256:f8b653b0f89938ba72e92ab080c2f3aa24c1b72e2f61add22880cd1b9a6e3cdd"
            ],
            "index": "pypi",
            "version": "==2.2.3"
        },
        "nltk": {
            "hashes": [
                "sha256:286f6797204ffdb52525a1d21ec0a221ec68b8e3fa4f2d25f412ac8e63c70e8d",
                "sha256:e51590c0bf2d9dcb7ce088b03e4f42c94e7cdd2a372c724320dfa8b19de77609"
            ],
            "index": "pypi",
            "version": "==3.4"
        },
        "numpy": {
            "hashes": [
                "sha256:00c9fa73a6989895b8815d98300a20ac993c49ac36c8277e8ffeaa3631c0dbbb",
                "sha256:025b497014bc33fc23897859350f284323f32a2fff7654697f5a5fc2a19e9939",
                "sha256:08de8472d9f7571f9d51b27b75e827f5296295fa78817032e84464be8bb905bc",
                "sha256:1964db2d4a00348b7a60ee9d013c8cb0c566644a589eaa80995126eac3b99ced",
                "sha256:2a9add27d7fc0fdb572abc3b2486eb3b1395da71e0254c5552b2aad2a18b5441",
                "sha256:2d8adfca843bc46ac199a4645233f13abf2011a0b2f4affc5c37cd552626f27b",
                "sha256:301e408a052fdcda5cdcf03021ebafc3c6ea093021bf9d1aa47c54d48bdad166",
                "sha256:311283acf880cfcc20369201bd75da907909afc4666966c7895cbed6f9d2c640",
                "sha256:341dddcfe3b7b6427a28a27baa59af5ad51baa59bfec3264f1ab287aa3b30b13",
                "sha256:3a5098df115340fb17fc93867317a947e1dcd978c3888c5ddb118366095851f8",
                "sha256:3c978544be9e04ed12016dd295a74283773149b48f507d69b36f91aa90a643e5",
                "sha256:3d893b0871322eaa2f8c7072cdb552d8e2b27645b7875a70833c31e9274d4611",
                "sha256:4fe6a006557b87b352c04596a6e3f12a57d6e5f401d804947bd3188e6b0e0e76",
                "sha256:507c05c7a37b3683eb08a3ff993bd1ee1e6c752f77c2f275260533b265ecdb6c",
                "sha256:58ca1d7c8aef6e996112d0ce873ac9dfa1eaf4a1196b4ff7ff73880a09923ba7",
                "sha256:61bada43d494515d5b122f4532af226fdb5ee08fe5b5918b111279843dc6836a",
                "sha256:69a5a8d71c308d7ef33ef72371c2388a90e3495dbb7993430e674006f94797d5",
                "sha256:6a5928bc6241264dce5ed509e66f33676fc97f464e7a919edc672fb5532221ee",
                "sha256:7b9d6b14fc9a4864b08d1ba57d732b248f0e482c7b2ff55c313137e3ed4d8449",
                "sha256:a7c4b701ca418cd39e28ec3b496e6388fe06de83f5f0cb74794fa31cfa384c02",
                "sha256:a7e8f6216f180f3fd4efb73de5d1eaefb5f5a1ee5b645c67333033e39440e63a",
                "sha256:b545ebadaa2b878c8630e5bcdb97fc4096e779f335fc0f943547c1c91540c815",
                "sha256:c293d3c0321996cd8ffe84215ffe5d269fd9d1d12c6f4ffe2b597a7c30d3e593",
                "sha256:c5562bcc1a9b61960fc8950ade44d00e3de28f891af0acc96307c73613d18f6e",
                "sha256:ca9c23848292c6fe0a19d212790e62f398fd9609aaa838859be8459bfbe558aa",
                "sha256:cc1b30205d138d1005adb52087ff45708febbef0e420386f58664f984ef56954",
                "sha256:dbce7adeb66b895c6aaa1fad796aaefc299ced597f6fbd9ceddb0dd735245354",
                "sha256:dc4b2fb01f1b4ddbe2453468ea0719f4dbb1f5caa712c8b21bb3dd1480cd30d9",
                "sha256:eed2afaa97ec33b4411995be12f8bdb95c87984eaa28d76cf628970c8a2d689a",
                "sha256:fc7a7d7b0ed72589fd8b8486b9b42a564f10b8762be8bd4d9df94b807af4a089"
            ],
            "markers": "python_version < '3.11' and python_version >= '3.7'",
            "version": "==1.21.5"
        },
        "pandas": {
            "hashes": [
                "sha256:11975fad9edbdb55f1a560d96f91830e83e29bed6ad5ebf506abda09818eaf60",
                "sha256:12e13d127ca1b585dd6f6840d3fe3fa6e46c36a6afe2dbc5cb0b57032c902e31",
                "sha256:1c87fcb201e1e06f66e23a61a5fea9eeebfe7204a66d99df24600e3f05168051",
                "sha256:242e9900de758e137304ad4b5663c2eff0d798c2c3b891250bd0bd97144579da",
                "sha256:26c903d0ae1542890cb9abadb4adcb18f356b14c2df46e4ff657ae640e3ac9e7",
                "sha256:2e1e88f9d3e5f107b65b59cd29f141995597b035d17cc5537e58142038942e1a",
                "sha256:31b7a48b344c14691a8e92765d4023f88902ba3e96e2e4d0364d3453cdfd50db",
                "sha256:4fd07a932b4352f8a8973761ab4e84f965bf81cc750fb38e04f01088ab901cb8",
                "sha256:5b24ca47acf69222e82530e89111dd9d14f9b970ab2cd3a1c2c78f0c4fbba4f4",
                "sha256:647b3b916cc8f6aeba240c8171be3ab799c3c1b2ea179a3be0bd2712c4237553",
                "sha256:66b060946046ca27c0e03e9bec9bba3e0b918bafff84c425ca2cc2e157ce121e",
                "sha256:6efa9fa6e1434141df8872d0fa4226fc301b17aacf37429193f9d70b426ea28f",
                "sha256:be4715c9d8367e51dbe6bc6d05e205b1ae234f0dc5465931014aa1c4af44c1ba",
                "sha256:bea90da782d8e945fccfc958585210d23de374fa9294a9481ed2abcef637ebfc",
                "sha256:d318d77ab96f66a59e792a481e2701fba879e1a453aefeebdb17444fe204d1ed",
                "sha256:d785fc08d6f4207437e900ffead930a61e634c5e4f980ba6d3dc03c9581748c7",
                "sha256:de9559287c4fe8da56e8c3878d2374abc19d1ba2b807bfa7553e912a8e5ba87c",
                "sha256:f4f98b190bb918ac0bc0e3dd2ab74ff3573da9f43106f6dba6385406912ec00f",
                "sha256:f71f1a7e2d03758f6e957896ed696254e2bc83110ddbc6942018f1a232dd9dad",
                "sha256:fb944c8f0b0ab5c1f7846c686bc4cdf8cde7224655c12edcd59d5212cd57bec0"
            ],
            "index": "pypi",
            "version": "==0.23.4"
        },
        "parso": {
            "hashes": [
                "sha256:97218d9159b2520ff45eb78028ba8b50d2bc61dcc062a9682666f2dc4bd331ea",
                "sha256:caba44724b994a8a5e086460bb212abc5a8bc46951bf4a9a1210745953622eb9"
            ],
            "markers": "python_version >= '2.7' and python_version not in '3.0, 3.1, 3.2, 3.3'",
            "version": "==0.7.1"
        },
        "pexpect": {
            "hashes": [
                "sha256:0b48a55dcb3c05f3329815901ea4fc1537514d6ba867a152b581d69ae3710937",
                "sha256:fc65a43959d153d0114afe13997d439c22823a27cefceb5ff35c2178c6784c0c"
            ],
            "markers": "sys_platform != 'win32'",
            "version": "==4.8.0"
        },
        "pickleshare": {
            "hashes": [
                "sha256:87683d47965c1da65cdacaf31c8441d12b8044cdec9aca500cd78fc2c683afca",
                "sha256:9649af414d74d4df115d5d718f82acb59c9d418196b7b4290ed47a12ce62df56"
            ],
            "version": "==0.7.5"
        },
        "praw": {
            "hashes": [
                "sha256:ccd3463c838d912073c82cc226f7d62fb01aecf2f33dff3f0456afc688f45376",
                "sha256:ead6a4cce623f9a5093965a98e4f4bb5463920c8e4a5caf19098c585d06bb507"
            ],
            "index": "pypi",
            "version": "==6.0.0"
        },
        "prawcore": {
            "hashes": [
                "sha256:1f1eafc8a65d671f9892354f73142014fbb5d3a9ee621568c662d0a354e0578b",
                "sha256:672d8a2faa12b44307874b2acfdd27f9cbaa5fa37bada4b34e36277224e6d8ed"
            ],
            "markers": "python_version >= '3.5'",
            "version": "==1.5.0"
        },
        "prompt-toolkit": {
            "hashes": [
                "sha256:1bb05628c7d87b645974a1bad3f17612be0c29fa39af9f7688030163f680bad6",
                "sha256:e56f2ff799bacecd3e88165b1e2f5ebf9bcd59e80e06d395fa0cc4b8bd7bb506"
            ],
            "markers": "python_full_version >= '3.6.2'",
            "version": "==3.0.24"
        },
        "psaw": {
            "hashes": [
                "sha256:4c8c45a6f80e0a1f3436a1fd6685497f401248b8a119fe4a8531ad5fdb75244e"
            ],
            "index": "pypi",
            "version": "==0.0.7"
        },
        "ptyprocess": {
            "hashes": [
                "sha256:4b41f3967fce3af57cc7e94b888626c18bf37a083e3651ca8feeb66d492fef35",
                "sha256:5c5d0a3b48ceee0b48485e0c26037c0acd7d29765ca3fbb5cb3831d347423220"
            ],
            "version": "==0.7.0"
        },
        "pygments": {
            "hashes": [
                "sha256:44238f1b60a76d78fc8ca0528ee429702aae011c265fe6a8dd8b63049ae41c65",
                "sha256:4e426f72023d88d03b2fa258de560726ce890ff3b630f88c21cbb8b2503b8c6a"
            ],
            "markers": "python_version >= '3.5'",
            "version": "==2.11.2"
        },
        "pymongo": {
            "hashes": [
                "sha256:0238e53b452ab699b5e2e3f8af2557844c80ab0d0c7a0e066226882838e72756",
                "sha256:0271bbba36bb130202e011171c1883c4c193036ad0b1e02ecfbea6837790b7de",
                "sha256:069d49b193f94bb1d748cfd8faf697060a2299f40d86bf5b6d41dd3cedf0fd48",
                "sha256:06af6e6374ee2bb70f724e09ddf9402907a3d6714828b908737948cd83e5685c",
                "sha256:0c77cd3dbe0dd9e7cdf8c93dc24e5a4fcb56e115ffb259d4f399e4aaf3f3c62d",
                "sha256:0e9a2628bcd896368ede456bcfe189d9ca65b18fb0dd91974cb734baf2e24af9",
                "sha256:12d336bdbe60982de55651be397b5e49d7eadd2aa144f11da353002cd52502ed",
                "sha256:132cc67b909835d7c230888387b4cc9596d4559a3ce90d947e03bc0b0ffe420b",
                "sha256:13d0624c13a91da71fa0d960205d93b3d98344481be865ee7cc238c972d41d73",
                "sha256:1498f388181ae5592c7b60549faaefaffc62d6e3754097576611cb642d21d37b",
                "sha256:1617fd52da7b208fe5ea176d251dd7cf1b5309e5a4272754b9599edfdf7e64e5",
                "sha256:177ed1b14aa4f84f00ebef1b0f785680fbaa610361942b23eb54f562fe4c6b34",
                "sha256:186b2ff4518c1c169fcef5047deb0e6c13a2354d143859587e745fd9f2cf68e9",
                "sha256:1ba8eb426d56556fffec53d600a8f2572589c19d50b30f61daa8f4d72ab92fbe",
                "sha256:1c153274699424e8f89f2097d5113f8cbe7898a8d62afaad0270a0f0bd0af53b",
                "sha256:1fd71b4d7070b01c7f66edc44c1ec2f8bcace2761c3a6ecc10449a40e474d2fa",
                "sha256:28afb00423e521f4b04fb8f75da7c0215e46631e821e27abf5a7176f9b671f47",
                "sha256:349c8e522e0b785f442fc9d7fc01c59f7f13f1abe9395310d0d817cff03ec034",
                "sha256:35a5843546bcbe0422f30b4b2bd5e0b630b04cc4006492c70e8168a921d94b9e",
                "sha256:38b21eddd021a943b1978b0a3d42e974956a338e3dbb88d56aeb8b8799abd6e8",
                "sha256:3a4eb0a4db8a2d960bdd5354f05e2e57530e83d333cb644fb2b7120a7a954a69",
                "sha256:40269fe6bb79fe00c8ba7c2f2d542a82711eb234c3dedb90b7e489386120e9d1",
                "sha256:426584e99af31ad2398e617c3eb0f1ebcda37f0ffb2d3e56087cdaf23a2f1689",
                "sha256:47a58f15fc70198cf95982f9699e17fec12287b90f30e90c5e2b7c1c1bc07914",
                "sha256:512059a902ea2cbcd0afac370af580e67ccd4c7e41ecaff0f0fbd03653b25ca2",
                "sha256:51664dac8d9b138259876f324adca5ab31d991acf88d1d0ffcc94f423ff2e31b",
                "sha256:59a4a5fe5379e4fa93380fd0b55bccbdbeb8d04fcfbbad8b42bd31610d5ed3ad",
                "sha256:5cbfa85a12cfe3dca21951cd432051c505ac461bd9f4a635207d982dd9df2373",
                "sha256:5fea4207fec8909e155a7948c987eac61949dbbe97fd0c388e587d06ba9bc78d",
                "sha256:6183476860511cb553a7e4c40936221b6985af7852029c84df898370ec8a028c",
                "sha256:62459b91a513a7b441cfd70ea7fd15c50b858877ca823915d32bab08fe173edb",
                "sha256:633ca2001f80900142068bab907feca99554b557ac105c74a9ed157ed38ca5d6",
                "sha256:65f8a93816dcb2202710839907759aca9eece94d9f13215686f224fcc8966f9e",
                "sha256:686c40344f7f82c4deaa4e17aa46ad97df51263be1434aeedd2d6b6f38c7f44a",
                "sha256:6cd7a4321e718cb98a7c7c475b0757e77fdaf1cdb013d7d2e781ba45219e1144",
                "sha256:6f0605b1146bc24c720aac0e806492144aea9d5a4dc956589e0544301862756a",
                "sha256:716499113650aacfe1b94d37e0a863f1e84b8d47737c74a2f44f8dfccad46952",
                "sha256:71810eade75ae1c466adc158d1fa8141040f75427b76240316d97f3c89edd72f",
                "sha256:72a0c06b76b254bdec18af9add3b8d35796dda51e64a5e0e48d40bff7b41ab13",
                "sha256:7450b25a803b0f57dae4c3fbd0df742f7f3344c3c9cabb86e4180083c3ebd893",
                "sha256:75e449ab068af63b7729195343315bc63d242166d88467314be182cc54ce235d",
                "sha256:7629abba158610cb5db6c22041b287f9398555d72bf9468d44d2efc03d837b81",
                "sha256:774b9f48bdc385af6654def31e7a7617e01b99cc8aaca1ab3ef6ea0492205e57",
                "sha256:7a091050bb8d54a5200193b4998e0cf763d083f93d97c7780963c09996f85a38",
                "sha256:7bdb66340e246b5dcddfcfe79a63ac2ec3808dc394853476f49fc785425040f4",
                "sha256:812650a2e8a08b812d6a3c937f482bd2c9355e90574964fa283b4d8ef4ae665e",
                "sha256:84eec41ed982f21ceb58689e16a630a70301eb14499c929388a5bf6464518d9d",
                "sha256:86d0e28dd5867153d9d9963a4eb17764854a925758fc2db0a814260f82fd4319",
                "sha256:87dce7c85387ca033cf76cce773ace7675550dcffc456db32a34403439e53e45",
                "sha256:8869feff59f08cd63979df26aa12343a85bdc7fbd1b79fda8ae39f31a310fa62",
                "sha256:8baf23d6a0a08b697854e5bcdf82afb91da732cf575fd47ee93945c3654132d8",
                "sha256:8da525765dbcc1b7abf1bba623f9f701d8759a8fb19594cd71a13b7b0c2c56bd",
                "sha256:9043bfb816ed50d831acc8d06469dcc41597b4f50c30e62227a93f9f9e37d6c7",
                "sha256:91c049104b51321e4e18d41edc6850d9f0890ac609b3cb3b8db86dc51666de17",
                "sha256:93c25fbb5dbc436edbb74101f4da49a42bd3af534513fdf8e75fc72ef035d5e0",
                "sha256:953129b6b952a9d22042ac23050053444624f630e1928f5f590788660905fa9c",
                "sha256:9ff0dbec451a2c6226bbd6f2bbbde438bc263e002f3f97d151c8708732ba5197",
                "sha256:a47f4b24b1360da172cae07ce90e9bd425b6db0052d76142c7fef47173a27283",
                "sha256:a57e271a0647002b5683dd0c7c2fd7f5fb939357c44396d85298e51a3561b9e3",
                "sha256:b0606d14892ae2a2b1450e37c8924381e9b64683386a9853e4467f02fd5b44b6",
                "sha256:b73ff8582964f52ab1bf1a9fdddc1454143172a0b8a9d7d6e3972dd1134f7982",
                "sha256:bf6047dea1bc8ae19fc14e01b5cb70b3810f91b100d9a535751dd3eadcd3016c",
                "sha256:c0efc5ab7d9b9e64726496bf650dbc7f1754124a48d076e5292cc5306e61a530",
                "sha256:c86a0614eda95db036fae01a89f3917d7abdc657c806bac2a32eec74724d9330",
                "sha256:c878286b1464f462616a47f315d14f02f03512c6b81cb568e996c3f1f79bff8a",
                "sha256:cd4cde3dfdd347d638171eca53ee6e787d4b1247c6e182f8616039b1df6278d5",
                "sha256:ceb9a4986f56595e73fffeef3ec037280eda938ed5fe6e4e0961656669d89b32",
                "sha256:d419e2dbc4943ad6df7ee05e707d7b2c2b512b92407bb6ff643bccbdea399c3a",
                "sha256:d66462f740dcea496bd779775688a0f805860f0b01998bb59ca22566b098ee26",
                "sha256:d7514231a03e95072b32d9b335b96253799802ab94647ce83585d5010749380a",
                "sha256:d9f61b08b60909d936c1f3a4e12c163ca71fd1a4665fc6e078afc6f54f886977",
                "sha256:da576e59f5f8a642ee26d027479325a45be45defe075b6fa7c84506dabc76883",
                "sha256:ddaf391ba74eef47eb5afbc40d0b6ddcdbdb417ec8edc8ae95352d25485076db",
                "sha256:e2b6a323ca545bcb4286d14c0bd75d9a1f5bce2fa1d7fa3621e5f71fd9b8d196",
                "sha256:e3f6faea65a73ed54111f209b4a411fe012c68f04e8bde96dd7af89b13cac92b",
                "sha256:e4e36810c541bd1976cd05452e797860b775886cf32c3e8136b9fe48c2c8ba95",
                "sha256:e5441f4c8142a250695e249e432637c14f79d856a2b60e0974da082e006c53e2",
                "sha256:e7aedefc87cb46544a3865a19c1d5ca7ddf5ec5ed7dfe162d9538d7543aef499",
                "sha256:ee2c1fd5bd57fd0092dfa31c1f9f166cf2850f191311603ce343cadcc8608d60",
                "sha256:f2b6e12f98cce588525f3db802c88f9795d294549ebfe7c2c9bb81333f533ecd",
                "sha256:f333c0d71dd892683e608f8d1731785a0aa67b1ec012b0d9fc863e8d7224f64e",
                "sha256:f3e20eb096deea92350f7198a4287d45883a62fe4459d027ce789e72ceba12ee",
                "sha256:f785375ca2b4e2192786f1e0d2a94c66900d12e780ebae1eccbbab85eb9a7054"
            ],
            "index": "pypi",
            "version": "==4.0.1"
        },
        "pyparsing": {
            "hashes": [
                "sha256:18ee9022775d270c55187733956460083db60b37d0d0fb357445f3094eed3eea",
                "sha256:a6c06a88f252e6c322f65faf8f418b16213b51bdfaece0524c1c1bc30c63c484"
            ],
            "markers": "python_version >= '3.6'",
            "version": "==3.0.7"
        },
        "python-dateutil": {
            "hashes": [
                "sha256:0123cacc1627ae19ddf3c27a5de5bd67ee4586fbdd6440d9748f8abb483d3e86",
                "sha256:961d03dc3453ebbc59dbdea9e4e11c5651520a876d0f4db161e8674aae935da9"
            ],
            "markers": "python_version >= '2.7' and python_version not in '3.0, 3.1, 3.2, 3.3'",
            "version": "==2.8.2"
        },
        "pytz": {
            "hashes": [
                "sha256:3672058bc3453457b622aab7a1c3bfd5ab0bdae451512f6cf25f64ed37f5b87c",
                "sha256:acad2d8b20a1af07d4e4c9d2e9285c5ed9104354062f275f3fcd88dcef4f1326"
            ],
            "version": "==2021.3"
        },
        "requests": {
            "hashes": [
                "sha256:68d7c56fd5a8999887728ef304a6d12edc7be74f1cfa47714fc8b414525c9a61",
                "sha256:f22fa1e554c9ddfd16e6e41ac79759e17be9e492b3587efa038054674760e72d"
            ],
            "markers": "python_version >= '2.7' and python_version not in '3.0, 3.1, 3.2, 3.3, 3.4, 3.5'",
            "version": "==2.27.1"
        },
        "scikit-learn": {
            "hashes": [
                "sha256:08ef968f6b72033c16c479c966bf37ccd49b06ea91b765e1cc27afefe723920b",
                "sha256:158faf30684c92a78e12da19c73feff9641a928a8024b4fa5ec11d583f3d8a87",
                "sha256:16455ace947d8d9e5391435c2977178d0ff03a261571e67f627c8fee0f9d431a",
                "sha256:245c9b5a67445f6f044411e16a93a554edc1efdcce94d3fc0bc6a4b9ac30b752",
                "sha256:285db0352e635b9e3392b0b426bc48c3b485512d3b4ac3c7a44ec2a2ba061e66",
                "sha256:2f3b453e0b149898577e301d27e098dfe1a36943f7bb0ad704d1e548efc3b448",
                "sha256:46f431ec59dead665e1370314dbebc99ead05e1c0a9df42f22d6a0e00044820f",
                "sha256:55f2f3a8414e14fbee03782f9fe16cca0f141d639d2b1c1a36779fa069e1db57",
                "sha256:5cb33fe1dc6f73dc19e67b264dbb5dde2a0539b986435fdd78ed978c14654830",
                "sha256:75307d9ea39236cad7eea87143155eea24d48f93f3a2f9389c817f7019f00705",
                "sha256:7626a34eabbf370a638f32d1a3ad50526844ba58d63e3ab81ba91e2a7c6d037e",
                "sha256:7a93c1292799620df90348800d5ac06f3794c1316ca247525fa31169f6d25855",
                "sha256:7d6b2475f1c23a698b48515217eb26b45a6598c7b1840ba23b3c5acece658dbb",
                "sha256:80095a1e4b93bd33261ef03b9bc86d6db649f988ea4dbcf7110d0cded8d7213d",
                "sha256:85260fb430b795d806251dd3bb05e6f48cdc777ac31f2bcf2bc8bbed3270a8f5",
                "sha256:9369b030e155f8188743eb4893ac17a27f81d28a884af460870c7c072f114243",
                "sha256:a053a6a527c87c5c4fa7bf1ab2556fa16d8345cf99b6c5a19030a4a7cd8fd2c0",
                "sha256:a90b60048f9ffdd962d2ad2fb16367a87ac34d76e02550968719eb7b5716fd10",
                "sha256:a999c9f02ff9570c783069f1074f06fe7386ec65b84c983db5aeb8144356a355",
                "sha256:b1391d1a6e2268485a63c3073111fe3ba6ec5145fc957481cfd0652be571226d",
                "sha256:b54a62c6e318ddbfa7d22c383466d38d2ee770ebdb5ddb668d56a099f6eaf75f",
                "sha256:b5870959a5484b614f26d31ca4c17524b1b0317522199dc985c3b4256e030767",
                "sha256:bc3744dabc56b50bec73624aeca02e0def06b03cb287de26836e730659c5d29c",
                "sha256:d93d4c28370aea8a7cbf6015e8a669cd5d69f856cc2aa44e7a590fb805bb5583",
                "sha256:d9aac97e57c196206179f674f09bc6bffcd0284e2ba95b7fe0b402ac3f986023",
                "sha256:da3c84694ff693b5b3194d8752ccf935a665b8b5edc33a283122f4273ca3e687",
                "sha256:e174242caecb11e4abf169342641778f68e1bfaba80cd18acd6bc84286b9a534",
                "sha256:eabceab574f471de0b0eb3f2ecf2eee9f10b3106570481d007ed1c84ebf6d6a1",
                "sha256:f14517e174bd7332f1cca2c959e704696a5e0ba246eb8763e6c24876d8710049",
                "sha256:fa38a1b9b38ae1fad2863eff5e0d69608567453fdfc850c992e6e47eb764e846",
                "sha256:ff3fa8ea0e09e38677762afc6e14cad77b5e125b0ea70c9bba1992f02c93b028",
                "sha256:ff746a69ff2ef25f62b36338c615dd15954ddc3ab8e73530237dd73235e76d62"
            ],
            "markers": "python_version >= '3.7'",
            "version": "==1.0.2"
        },
        "scipy": {
            "hashes": [
                "sha256:02cb79ea38114dc480e9b08d6b87095728e8fb39b9a49b449ee443d678001611",
                "sha256:03c827cdbc584e935264040b958e5fa0570a16095bee23a013482ba3f0e963a2",
                "sha256:04f2b23258139c109d0524f111597dd095a505d9cb2c71e381d688d653877fa3",
                "sha256:3132a9fab3f3545c8b0ba15688d11857efdd4a58d388d3785dc474f56fea7138",
                "sha256:4b1f0883cb9d8ee963cf0a31c87341e9e758abb2cf1e5bcc0d7b066ef6b17573",
                "sha256:4cce25c6e7ff7399c67dfe1b5423c36c391cf9b4b2be390c1675ab410f1ef503",
                "sha256:51a2424c8ed80e60bdb9a896806e7adaf24a58253b326fbad10f80a6d06f2214",
                "sha256:5706b785ca289fdfd91aa05066619e51d140613b613e35932601f2315f5d8470",
                "sha256:58f0435f052cb60f1472c77f52a8f6642f8877b70559e5e0b9a1744f33f5cbe5",
                "sha256:63e1d5ca9e5e1984f1a275276991b036e25d39d37dd7edbb3f4f6165c2da7dbb",
                "sha256:64b2c35824da3ef6bb1e722216e4ef28802af6413c7586136500e343d34ba179",
                "sha256:6f791987899532305126309578727c0197bddbafab9596bafe3e7bfab6e1ce13",
                "sha256:72bd766f753fd32f072d30d7bc2ad492d56dbcbf3e13764e27635d5c41079339",
                "sha256:7413080b381766a22d52814edb65631f0e323a7cea945c70021a672f38acc73f",
                "sha256:78a67ee4845440e81cfbfabde20537ca12051d0eeac951fe4c6d8751feac3103",
                "sha256:7994c044bf659b0a24ad7673ec7db85c2fadb87e4980a379a9fd5b086fe3649a",
                "sha256:7dc4002f0a0a688774ef04878afe769ecd1ac21fe9b4b1d7125e2cf16170afd3",
                "sha256:854bd87cc23824d5db4983956bc30f3790e1c7448f1a9e6a8fb7bff7601aef87",
                "sha256:8608316d0cc01f8b25111c8adfe6efbc959cbba037a62c784551568d7ffbf280",
                "sha256:8f5fcc87b48fc3dd6d901669c89af4feeb856dffb6f671539a238b7e8af1799c",
                "sha256:937147086e8b4338bf139ca8fa98da650e3a46bf2ca617f8e9dd68c3971ec420",
                "sha256:bc294841f6c822714af362095b181a853f47ed5ce757354bd2e4776d579ff3a4",
                "sha256:bc6a88b0009a1b60eab5c22ac3a006f6968d6328de10c6a64ebb0d64a05548d3",
                "sha256:c5eae911cf26b3c7eda889ec98d3c226f312c587acfaaf02602473f98b4c16d6",
                "sha256:cca33a01a5987c650b87a1a910aa311ffa44e67cca1ff502ef9efdae5d9a8624",
                "sha256:d1ae77b79fd5e27a10ba7c4e7c3a62927b9d29a4dccf28f6905c25d983aaf183",
                "sha256:fb36064047e6bf87b6320a9b6eb7f525ef6863c7a4aef1a84a4bbfb043612617",
                "sha256:fc1a19d95649439dbd50baca676bceb29bbfcd600aed2c5bd71d9bad82a87cfe"
            ],
            "index": "pypi",
            "version": "==1.2.0"
        },
        "seaborn": {
            "hashes": [
                "sha256:42e627b24e849c2d3bbfd059e00005f6afbc4a76e4895baf44ae23fe8a4b09a5",
                "sha256:76c83f794ca320fb6b23a7c6192d5e185a5fcf4758966a0c0a54baee46d41e2f"
            ],
            "index": "pypi",
            "version": "==0.9.0"
        },
        "setuptools": {
            "hashes": [
                "sha256:2404879cda71495fc4d5cbc445ed52fdaddf352b36e40be8dcc63147cb4edabe",
                "sha256:68eb94073fc486091447fcb0501efd6560a0e5a1839ba249e5ff3c4c93f05f90"
            ],
            "markers": "python_version >= '3.7'",
            "version": "==60.5.0"
        },
        "singledispatch": {
            "hashes": [
                "sha256:bc77afa97c8a22596d6d4fc20f1b7bdd2b86edc2a65a4262bdd7cc3cc19aa989",
                "sha256:c1a4d5c1da310c3fd8fccfb8d4e1cb7df076148fd5d858a819e37fffe44f3092"
            ],
            "markers": "python_version >= '2.6'",
            "version": "==3.7.0"
        },
        "six": {
            "hashes": [
                "sha256:1e61c37477a1626458e36f7b1d82aa5c9b094fa4802892072e49de9c60c4c926",
                "sha256:8abb2f1d86890a2dfb989f9a77cfcfd3e47c2a354b01111771326f8aa26e0254"
            ],
            "markers": "python_version >= '2.7' and python_version not in '3.0, 3.1, 3.2, 3.3'",
            "version": "==1.16.0"
        },
        "sklearn": {
            "hashes": [
                "sha256:e23001573aa194b834122d2b9562459bf5ae494a2d59ca6b8aa22c85a44c0e31"
            ],
            "index": "pypi",
            "version": "==0.0"
        },
        "threadpoolctl": {
            "hashes": [
                "sha256:4fade5b3b48ae4b1c30f200b28f39180371104fccc642e039e0f2435ec8cc211",
                "sha256:d03115321233d0be715f0d3a5ad1d6c065fe425ddc2d671ca8e45e9fd5d7a52a"
            ],
            "markers": "python_version >= '3.6'",
            "version": "==3.0.0"
        },
        "tqdm": {
            "hashes": [
                "sha256:79420109a762f82e20e8ecdc3b3bc1bc6c6536884a8de5fa86a50eb99386376a",
                "sha256:7fa801cf60e318bf7d2ac7498254df0f3d7a3ad23c622ae63666257d5f833967"
            ],
            "index": "pypi",
            "version": "==4.29.0"
        },
        "traitlets": {
            "hashes": [
                "sha256:059f456c5a7c1c82b98c2e8c799f39c9b8128f6d0d46941ee118daace9eb70c7",
                "sha256:2d313cc50a42cd6c277e7d7dc8d4d7fedd06a2c215f78766ae7b1a66277e0033"
            ],
            "markers": "python_version >= '3.7'",
            "version": "==5.1.1"
        },
        "update-checker": {
            "hashes": [
                "sha256:6a2d45bb4ac585884a6b03f9eade9161cedd9e8111545141e9aa9058932acb13",
                "sha256:cbba64760a36fe2640d80d85306e8fe82b6816659190993b7bdabadee4d4bbfd"
            ],
            "version": "==0.18.0"
        },
        "urllib3": {
            "hashes": [
                "sha256:000ca7f471a233c2251c6c7023ee85305721bfdf18621ebff4fd17a8653427ed",
                "sha256:0e7c33d9a63e7ddfcb86780aac87befc2fbddf46c58dbb487e0855f7ceec283c"
            ],
            "markers": "python_version >= '2.7' and python_version not in '3.0, 3.1, 3.2, 3.3, 3.4' and python_version < '4'",
            "version": "==1.26.8"
        },
        "wcwidth": {
            "hashes": [
                "sha256:beb4802a9cebb9144e99086eff703a642a13d6a0052920003a230f3294bbe784",
                "sha256:c4d647b99872929fdb7bdcaa4fbe7f01413ed3d98077df798530e5b04f116c83"
            ],
            "version": "==0.2.5"
        },
        "yellowbrick": {
            "hashes": [
                "sha256:6099d38e35364fa1f14db6d43592d75706c14b36bee12e106cc732f4a5dced1b",
                "sha256:e4ca98068da958dba27900a315868557c9f6aa759453b25aebbc7e5fda7a61fb"
            ],
            "index": "pypi",
            "version": "==0.9"
        }
    },
    "develop": {
        "backcall": {
            "hashes": [
                "sha256:5cbdbf27be5e7cfadb448baf0aa95508f91f2bbc6c6437cd9cd06e2a4c215e1e",
                "sha256:fbbce6a29f263178a1f7915c1940bde0ec2b2a967566fe1c65c1dfb7422bd255"
            ],
            "version": "==0.2.0"
        },
        "decorator": {
            "hashes": [
                "sha256:637996211036b6385ef91435e4fae22989472f9d571faba8927ba8253acbc330",
                "sha256:b8c3f85900b9dc423225913c5aace94729fe1fa9763b38939a95226f02d37186"
            ],
            "markers": "python_version >= '3.5'",
            "version": "==5.1.1"
        },
        "ipython": {
            "hashes": [
                "sha256:5ac47dc9af66fc2f5530c12069390877ae372ac905edca75a92a6e363b5d7caa",
                "sha256:c0427ed8bc33ac481faf9d3acf7e84e0010cdaada945e0badd1e2e74cc075833"
            ],
            "index": "pypi",
            "version": "==7.16.3"
        },
        "jedi": {
            "hashes": [
                "sha256:86ed7d9b750603e4ba582ea8edc678657fb4007894a12bcf6f4bb97892f31d20",
                "sha256:98cc583fa0f2f8304968199b01b6b4b94f469a1f4a74c1560506ca2a211378b5"
            ],
            "markers": "python_version >= '2.7' and python_version not in '3.0, 3.1, 3.2, 3.3, 3.4'",
            "version": "==0.17.2"
        },
        "parso": {
            "hashes": [
                "sha256:97218d9159b2520ff45eb78028ba8b50d2bc61dcc062a9682666f2dc4bd331ea",
                "sha256:caba44724b994a8a5e086460bb212abc5a8bc46951bf4a9a1210745953622eb9"
            ],
            "markers": "python_version >= '2.7' and python_version not in '3.0, 3.1, 3.2, 3.3'",
            "version": "==0.7.1"
        },
        "pexpect": {
            "hashes": [
                "sha256:0b48a55dcb3c05f3329815901ea4fc1537514d6ba867a152b581d69ae3710937",
                "sha256:fc65a43959d153d0114afe13997d439c22823a27cefceb5ff35c2178c6784c0c"
            ],
            "markers": "sys_platform != 'win32'",
            "version": "==4.8.0"
        },
        "pickleshare": {
            "hashes": [
                "sha256:87683d47965c1da65cdacaf31c8441d12b8044cdec9aca500cd78fc2c683afca",
                "sha256:9649af414d74d4df115d5d718f82acb59c9d418196b7b4290ed47a12ce62df56"
            ],
            "version": "==0.7.5"
        },
        "prompt-toolkit": {
            "hashes": [
                "sha256:1bb05628c7d87b645974a1bad3f17612be0c29fa39af9f7688030163f680bad6",
                "sha256:e56f2ff799bacecd3e88165b1e2f5ebf9bcd59e80e06d395fa0cc4b8bd7bb506"
            ],
            "markers": "python_full_version >= '3.6.2'",
            "version": "==3.0.24"
        },
        "ptyprocess": {
            "hashes": [
                "sha256:4b41f3967fce3af57cc7e94b888626c18bf37a083e3651ca8feeb66d492fef35",
                "sha256:5c5d0a3b48ceee0b48485e0c26037c0acd7d29765ca3fbb5cb3831d347423220"
            ],
            "version": "==0.7.0"
        },
        "pygments": {
            "hashes": [
                "sha256:44238f1b60a76d78fc8ca0528ee429702aae011c265fe6a8dd8b63049ae41c65",
                "sha256:4e426f72023d88d03b2fa258de560726ce890ff3b630f88c21cbb8b2503b8c6a"
            ],
            "markers": "python_version >= '3.5'",
            "version": "==2.11.2"
        },
        "setuptools": {
            "hashes": [
                "sha256:2404879cda71495fc4d5cbc445ed52fdaddf352b36e40be8dcc63147cb4edabe",
                "sha256:68eb94073fc486091447fcb0501efd6560a0e5a1839ba249e5ff3c4c93f05f90"
            ],
            "markers": "python_version >= '3.7'",
            "version": "==60.5.0"
        },
        "traitlets": {
            "hashes": [
                "sha256:059f456c5a7c1c82b98c2e8c799f39c9b8128f6d0d46941ee118daace9eb70c7",
                "sha256:2d313cc50a42cd6c277e7d7dc8d4d7fedd06a2c215f78766ae7b1a66277e0033"
            ],
            "markers": "python_version >= '3.7'",
            "version": "==5.1.1"
        },
        "wcwidth": {
            "hashes": [
                "sha256:beb4802a9cebb9144e99086eff703a642a13d6a0052920003a230f3294bbe784",
                "sha256:c4d647b99872929fdb7bdcaa4fbe7f01413ed3d98077df798530e5b04f116c83"
            ],
            "version": "==0.2.5"
        }
    }
}
